# THIS IS AN AUTOGENERATED FILE. DO NOT EDIT THIS FILE DIRECTLY.
# yarn lockfile v1


"@angular/core@>=13.0.0":
  "integrity" "sha512-tYQszxkk32RZkMA7Czv9l5apiDIsoqVO2taIuPKfesAcwsQ7z/x3JTu3JkwUnB9c9nq2c18wIzjzMs4iElxdVQ=="
  "resolved" "https://registry.npmjs.org/@angular/core/-/core-15.0.3.tgz"
  "version" "15.0.3"
  dependencies:
    "tslib" "^2.3.0"

"rxjs@^6.5.3 || ^7.4.0", "rxjs@>=6.0.0":
  "integrity" "sha512-DDa7d8TFNUalGC9VqXvQ1euWNN7sc63TrUCuM9J998+ViviahMIjKSOU7rfcgFOF+FCD71BhDRv4hrFz+ImDLQ=="
  "resolved" "https://registry.npmjs.org/rxjs/-/rxjs-7.6.0.tgz"
  "version" "7.6.0"
  dependencies:
    "tslib" "^2.1.0"

"tslib@^2.0.0", "tslib@^2.1.0", "tslib@^2.3.0":
  "integrity" "sha512-tGyy4dAjRIEwI7BzsB0lynWgOpfqjUdq91XXAlIWD2OwKBH7oCl/GZG/HT4BOHrTlPMOASlMQ7veyTqpmRcrNA=="
  "resolved" "https://registry.npmjs.org/tslib/-/tslib-2.4.1.tgz"
  "version" "2.4.1"

"zone.js@~0.11.4 || ~0.12.0":
  "integrity" "sha512-XtC+I5dXU14HrzidAKBNMqneIVUykLEAA1x+v4KVrd6AUPWlwYORF8KgsVqvgdHiKZ4BkxxjvYi/ksEixTPR0Q=="
  "resolved" "https://registry.npmjs.org/zone.js/-/zone.js-0.12.0.tgz"
  "version" "0.12.0"
  dependencies:
    "tslib" "^2.3.0"
