# THIS IS AN AUTOGENERATED FILE. DO NOT EDIT THIS FILE DIRECTLY.
# yarn lockfile v1


css-element-queries@^1.0.2:
  version "1.0.2"
  resolved "https://registry.yarnpkg.com/css-element-queries/-/css-element-queries-1.0.2.tgz#a32edfee4a5023688ef4d45f402077306d51d44c"
  integrity sha512-LOtFjyFwjzPfk84hK8Xd3KfBoyzgeqAUREor5vncYegEEjpAFcQ9+Qi/gZIzsNb2XU9sbP+cNqp8bfOoZknYSA==

monaco-editor@^0.14.3:
  version "0.14.3"
  resolved "https://registry.yarnpkg.com/monaco-editor/-/monaco-editor-0.14.3.tgz#7cc4a4096a3821f52fea9b10489b527ef3034e22"
  integrity sha512-RhaO4xXmWn/p0WrkEOXe4PoZj6xOcvDYjoAh0e1kGUrQnP1IOpc0m86Ceuaa2CLEMDINqKijBSmqhvBQnsPLHQ==
