# THIS IS AN AUTOGENERATED FILE. DO NOT EDIT THIS FILE DIRECTLY.
# yarn lockfile v1


css-element-queries@^1.0.2:
  version "1.0.2"
  resolved "https://registry.yarnpkg.com/css-element-queries/-/css-element-queries-1.0.2.tgz#a32edfee4a5023688ef4d45f402077306d51d44c"
  integrity sha512-LOtFjyFwjzPfk84hK8Xd3KfBoyzgeqAUREor5vncYegEEjpAFcQ9+Qi/gZIzsNb2XU9sbP+cNqp8bfOoZknYSA==

monaco-editor@^0.15.6:
  version "0.15.6"
  resolved "https://registry.yarnpkg.com/monaco-editor/-/monaco-editor-0.15.6.tgz#d63b3b06f86f803464f003b252627c3eb4a09483"
  integrity sha512-JoU9V9k6KqT9R9Tiw1RTU8ohZ+Xnf9DMg6Ktqqw5hILumwmq7xqa/KLXw513uTUsWbhtnHoSJYYR++u3pkyxJg==
